
Microsoft Visual Studio Solution File, Format Version 12.00
# Visual Studio Version 17
VisualStudioVersion = 17.4.33213.308
MinimumVisualStudioVersion = 10.0.40219.1
Project("{FAE04EC0-301F-11D3-BF4B-00C04F79EFBC}") = "AlunosAPI", "AlunosAPI.csproj", "{DA83DE4C-CC1B-43E2-A510-9A64B87ADFFC}"
EndProject
Global
	GlobalSection(SolutionConfigurationPlatforms) = preSolution
		Debug|Any CPU = Debug|Any CPU
		Release|Any CPU = Release|Any CPU
	EndGlobalSection
	GlobalSection(ProjectConfigurationPlatforms) = postSolution
		{DA83DE4C-CC1B-43E2-A510-9A64B87ADFFC}.Debug|Any CPU.ActiveCfg = Debug|Any CPU
		{DA83DE4C-CC1B-43E2-A510-9A64B87ADFFC}.Debug|Any CPU.Build.0 = Debug|Any CPU
		{DA83DE4C-CC1B-43E2-A510-9A64B87ADFFC}.Release|Any CPU.ActiveCfg = Release|Any CPU
		{DA83DE4C-CC1B-43E2-A510-9A64B87ADFFC}.Release|Any CPU.Build.0 = Release|Any CPU
	EndGlobalSection
	GlobalSection(SolutionProperties) = preSolution
		HideSolutionNode = FALSE
	EndGlobalSection
	GlobalSection(ExtensibilityGlobals) = postSolution
		SolutionGuid = {2F728911-9839-4A87-8159-0A7A4D304320}
	EndGlobalSection
EndGlobal
